
Microsoft Visual Studio Solution File, Format Version 12.00
Project("{FAE04EC0-301F-11D3-BF4B-00C04F79EFBC}") = "Demo_01", "Demo_01\Demo_01.csproj", "{08A97240-C3AB-49CB-B928-0C8EC8883372}"
EndProject
Project("{FAE04EC0-301F-11D3-BF4B-00C04F79EFBC}") = "Demo_02", "Demo_02\Demo_02.csproj", "{EF192487-4A58-4805-8127-880B539B970A}"
EndProject
Project("{FAE04EC0-301F-11D3-BF4B-00C04F79EFBC}") = "Demo_03", "Demo_03\Demo_03.csproj", "{53CE2E17-45F7-4B5A-A4D0-8167C946F35A}"
EndProject
Project("{FAE04EC0-301F-11D3-BF4B-00C04F79EFBC}") = "Demo_04", "Demo_04\Demo_04.csproj", "{B834B95D-20F0-4CCD-9A58-C249BC2DCCFA}"
EndProject
Project("{FAE04EC0-301F-11D3-BF4B-00C04F79EFBC}") = "Demo_05", "Demo_05\Demo_05.csproj", "{03368598-7FE7-424A-8E1C-9D21B4BC4605}"
EndProject
Project("{FAE04EC0-301F-11D3-BF4B-00C04F79EFBC}") = "Demo_06", "Demo_06\Demo_06.csproj", "{A1BE042E-BDA9-44E1-A40F-57BCC5951D2A}"
EndProject
Project("{FAE04EC0-301F-11D3-BF4B-00C04F79EFBC}") = "Demo_07", "Demo_07\Demo_07.csproj", "{BF047ED3-2F5E-4D78-A163-84BD621CA9BF}"
EndProject
Project("{FAE04EC0-301F-11D3-BF4B-00C04F79EFBC}") = "Demo_08", "Demo_08\Demo_08.csproj", "{A9ECDD15-E7C3-424A-8026-7C7D28BFB3C9}"
EndProject
Project("{FAE04EC0-301F-11D3-BF4B-00C04F79EFBC}") = "Demo_09", "Demo_09\Demo_09.csproj", "{9269B677-A78E-45B7-9794-0BCC19F64D38}"
EndProject
Project("{FAE04EC0-301F-11D3-BF4B-00C04F79EFBC}") = "Demo_10", "Demo_10\Demo_10.csproj", "{6E6D7CA1-ABE4-4A73-9209-7401025C1E56}"
EndProject
Project("{FAE04EC0-301F-11D3-BF4B-00C04F79EFBC}") = "Demo_11", "Demo_11\Demo_11.csproj", "{0EE86C4D-1EC5-4BC4-BD69-075F11338623}"
EndProject
Project("{FAE04EC0-301F-11D3-BF4B-00C04F79EFBC}") = "Demo_12", "Demo_12\Demo_12.csproj", "{B40C33BB-45CB-4BAF-842F-8795C8B4C054}"
EndProject
Project("{FAE04EC0-301F-11D3-BF4B-00C04F79EFBC}") = "Demo_13", "Demo_13\Demo_13.csproj", "{C908CA10-5104-4DCD-A412-0D21EBEEA8A1}"
EndProject
Global
	GlobalSection(SolutionConfigurationPlatforms) = preSolution
		Debug|Any CPU = Debug|Any CPU
		Release|Any CPU = Release|Any CPU
	EndGlobalSection
	GlobalSection(ProjectConfigurationPlatforms) = postSolution
		{08A97240-C3AB-49CB-B928-0C8EC8883372}.Debug|Any CPU.ActiveCfg = Debug|Any CPU
		{08A97240-C3AB-49CB-B928-0C8EC8883372}.Debug|Any CPU.Build.0 = Debug|Any CPU
		{08A97240-C3AB-49CB-B928-0C8EC8883372}.Release|Any CPU.ActiveCfg = Release|Any CPU
		{08A97240-C3AB-49CB-B928-0C8EC8883372}.Release|Any CPU.Build.0 = Release|Any CPU
		{EF192487-4A58-4805-8127-880B539B970A}.Debug|Any CPU.ActiveCfg = Debug|Any CPU
		{EF192487-4A58-4805-8127-880B539B970A}.Debug|Any CPU.Build.0 = Debug|Any CPU
		{EF192487-4A58-4805-8127-880B539B970A}.Release|Any CPU.ActiveCfg = Release|Any CPU
		{EF192487-4A58-4805-8127-880B539B970A}.Release|Any CPU.Build.0 = Release|Any CPU
		{53CE2E17-45F7-4B5A-A4D0-8167C946F35A}.Debug|Any CPU.ActiveCfg = Debug|Any CPU
		{53CE2E17-45F7-4B5A-A4D0-8167C946F35A}.Debug|Any CPU.Build.0 = Debug|Any CPU
		{53CE2E17-45F7-4B5A-A4D0-8167C946F35A}.Release|Any CPU.ActiveCfg = Release|Any CPU
		{53CE2E17-45F7-4B5A-A4D0-8167C946F35A}.Release|Any CPU.Build.0 = Release|Any CPU
		{B834B95D-20F0-4CCD-9A58-C249BC2DCCFA}.Debug|Any CPU.ActiveCfg = Debug|Any CPU
		{B834B95D-20F0-4CCD-9A58-C249BC2DCCFA}.Debug|Any CPU.Build.0 = Debug|Any CPU
		{B834B95D-20F0-4CCD-9A58-C249BC2DCCFA}.Release|Any CPU.ActiveCfg = Release|Any CPU
		{B834B95D-20F0-4CCD-9A58-C249BC2DCCFA}.Release|Any CPU.Build.0 = Release|Any CPU
		{03368598-7FE7-424A-8E1C-9D21B4BC4605}.Debug|Any CPU.ActiveCfg = Debug|Any CPU
		{03368598-7FE7-424A-8E1C-9D21B4BC4605}.Debug|Any CPU.Build.0 = Debug|Any CPU
		{03368598-7FE7-424A-8E1C-9D21B4BC4605}.Release|Any CPU.ActiveCfg = Release|Any CPU
		{03368598-7FE7-424A-8E1C-9D21B4BC4605}.Release|Any CPU.Build.0 = Release|Any CPU
		{A1BE042E-BDA9-44E1-A40F-57BCC5951D2A}.Debug|Any CPU.ActiveCfg = Debug|Any CPU
		{A1BE042E-BDA9-44E1-A40F-57BCC5951D2A}.Debug|Any CPU.Build.0 = Debug|Any CPU
		{A1BE042E-BDA9-44E1-A40F-57BCC5951D2A}.Release|Any CPU.ActiveCfg = Release|Any CPU
		{A1BE042E-BDA9-44E1-A40F-57BCC5951D2A}.Release|Any CPU.Build.0 = Release|Any CPU
		{BF047ED3-2F5E-4D78-A163-84BD621CA9BF}.Debug|Any CPU.ActiveCfg = Debug|Any CPU
		{BF047ED3-2F5E-4D78-A163-84BD621CA9BF}.Debug|Any CPU.Build.0 = Debug|Any CPU
		{BF047ED3-2F5E-4D78-A163-84BD621CA9BF}.Release|Any CPU.ActiveCfg = Release|Any CPU
		{BF047ED3-2F5E-4D78-A163-84BD621CA9BF}.Release|Any CPU.Build.0 = Release|Any CPU
		{A9ECDD15-E7C3-424A-8026-7C7D28BFB3C9}.Debug|Any CPU.ActiveCfg = Debug|Any CPU
		{A9ECDD15-E7C3-424A-8026-7C7D28BFB3C9}.Debug|Any CPU.Build.0 = Debug|Any CPU
		{A9ECDD15-E7C3-424A-8026-7C7D28BFB3C9}.Release|Any CPU.ActiveCfg = Release|Any CPU
		{A9ECDD15-E7C3-424A-8026-7C7D28BFB3C9}.Release|Any CPU.Build.0 = Release|Any CPU
		{9269B677-A78E-45B7-9794-0BCC19F64D38}.Debug|Any CPU.ActiveCfg = Debug|Any CPU
		{9269B677-A78E-45B7-9794-0BCC19F64D38}.Debug|Any CPU.Build.0 = Debug|Any CPU
		{9269B677-A78E-45B7-9794-0BCC19F64D38}.Release|Any CPU.ActiveCfg = Release|Any CPU
		{9269B677-A78E-45B7-9794-0BCC19F64D38}.Release|Any CPU.Build.0 = Release|Any CPU
		{6E6D7CA1-ABE4-4A73-9209-7401025C1E56}.Debug|Any CPU.ActiveCfg = Debug|Any CPU
		{6E6D7CA1-ABE4-4A73-9209-7401025C1E56}.Debug|Any CPU.Build.0 = Debug|Any CPU
		{6E6D7CA1-ABE4-4A73-9209-7401025C1E56}.Release|Any CPU.ActiveCfg = Release|Any CPU
		{6E6D7CA1-ABE4-4A73-9209-7401025C1E56}.Release|Any CPU.Build.0 = Release|Any CPU
		{0EE86C4D-1EC5-4BC4-BD69-075F11338623}.Debug|Any CPU.ActiveCfg = Debug|Any CPU
		{0EE86C4D-1EC5-4BC4-BD69-075F11338623}.Debug|Any CPU.Build.0 = Debug|Any CPU
		{0EE86C4D-1EC5-4BC4-BD69-075F11338623}.Release|Any CPU.ActiveCfg = Release|Any CPU
		{0EE86C4D-1EC5-4BC4-BD69-075F11338623}.Release|Any CPU.Build.0 = Release|Any CPU
		{B40C33BB-45CB-4BAF-842F-8795C8B4C054}.Debug|Any CPU.ActiveCfg = Debug|Any CPU
		{B40C33BB-45CB-4BAF-842F-8795C8B4C054}.Debug|Any CPU.Build.0 = Debug|Any CPU
		{B40C33BB-45CB-4BAF-842F-8795C8B4C054}.Release|Any CPU.ActiveCfg = Release|Any CPU
		{B40C33BB-45CB-4BAF-842F-8795C8B4C054}.Release|Any CPU.Build.0 = Release|Any CPU
		{C908CA10-5104-4DCD-A412-0D21EBEEA8A1}.Debug|Any CPU.ActiveCfg = Debug|Any CPU
		{C908CA10-5104-4DCD-A412-0D21EBEEA8A1}.Debug|Any CPU.Build.0 = Debug|Any CPU
		{C908CA10-5104-4DCD-A412-0D21EBEEA8A1}.Release|Any CPU.ActiveCfg = Release|Any CPU
		{C908CA10-5104-4DCD-A412-0D21EBEEA8A1}.Release|Any CPU.Build.0 = Release|Any CPU
	EndGlobalSection
EndGlobal
